
Microsoft Visual Studio Solution File, Format Version 12.00
# Visual Studio Version 17
VisualStudioVersion = 17.9.34622.214
MinimumVisualStudioVersion = 10.0.40219.1
Project("{9A19103F-16F7-4668-BE54-9A1E7A4F7556}") = "LibraryAPI", "LibraryAPI\LibraryAPI.csproj", "{2EE7E644-C35C-412C-A763-75C3C2ABFEC3}"
EndProject
Project("{9A19103F-16F7-4668-BE54-9A1E7A4F7556}") = "Library.Domain", "Library.Domain\Library.Domain.csproj", "{FFB0B03B-AE41-4BB3-B3DA-463BEE671120}"
EndProject
Project("{9A19103F-16F7-4668-BE54-9A1E7A4F7556}") = "Library.Application", "Library.Application\Library.Application.csproj", "{122F887B-D48F-47B7-BBA0-60E948BE9364}"
EndProject
Project("{9A19103F-16F7-4668-BE54-9A1E7A4F7556}") = "Library.Infrastructure", "Library.Infrastructure\Library.Infrastructure.csproj", "{EA5E0F73-FD1B-4A9E-81CC-4BE8C4834184}"
EndProject
Global
	GlobalSection(SolutionConfigurationPlatforms) = preSolution
		Debug|Any CPU = Debug|Any CPU
		Release|Any CPU = Release|Any CPU
	EndGlobalSection
	GlobalSection(ProjectConfigurationPlatforms) = postSolution
		{2EE7E644-C35C-412C-A763-75C3C2ABFEC3}.Debug|Any CPU.ActiveCfg = Debug|Any CPU
		{2EE7E644-C35C-412C-A763-75C3C2ABFEC3}.Debug|Any CPU.Build.0 = Debug|Any CPU
		{2EE7E644-C35C-412C-A763-75C3C2ABFEC3}.Release|Any CPU.ActiveCfg = Release|Any CPU
		{2EE7E644-C35C-412C-A763-75C3C2ABFEC3}.Release|Any CPU.Build.0 = Release|Any CPU
		{FFB0B03B-AE41-4BB3-B3DA-463BEE671120}.Debug|Any CPU.ActiveCfg = Debug|Any CPU
		{FFB0B03B-AE41-4BB3-B3DA-463BEE671120}.Debug|Any CPU.Build.0 = Debug|Any CPU
		{FFB0B03B-AE41-4BB3-B3DA-463BEE671120}.Release|Any CPU.ActiveCfg = Release|Any CPU
		{FFB0B03B-AE41-4BB3-B3DA-463BEE671120}.Release|Any CPU.Build.0 = Release|Any CPU
		{122F887B-D48F-47B7-BBA0-60E948BE9364}.Debug|Any CPU.ActiveCfg = Debug|Any CPU
		{122F887B-D48F-47B7-BBA0-60E948BE9364}.Debug|Any CPU.Build.0 = Debug|Any CPU
		{122F887B-D48F-47B7-BBA0-60E948BE9364}.Release|Any CPU.ActiveCfg = Release|Any CPU
		{122F887B-D48F-47B7-BBA0-60E948BE9364}.Release|Any CPU.Build.0 = Release|Any CPU
		{EA5E0F73-FD1B-4A9E-81CC-4BE8C4834184}.Debug|Any CPU.ActiveCfg = Debug|Any CPU
		{EA5E0F73-FD1B-4A9E-81CC-4BE8C4834184}.Debug|Any CPU.Build.0 = Debug|Any CPU
		{EA5E0F73-FD1B-4A9E-81CC-4BE8C4834184}.Release|Any CPU.ActiveCfg = Release|Any CPU
		{EA5E0F73-FD1B-4A9E-81CC-4BE8C4834184}.Release|Any CPU.Build.0 = Release|Any CPU
	EndGlobalSection
	GlobalSection(SolutionProperties) = preSolution
		HideSolutionNode = FALSE
	EndGlobalSection
	GlobalSection(ExtensibilityGlobals) = postSolution
		SolutionGuid = {2E7CAC2E-5E46-4A03-9926-D5C2F1B8E34C}
	EndGlobalSection
EndGlobal
